// !$*UTF8*$!
{
	archiveVersion = 1;
	classes = {
	};
	objectVersion = 51;
	objects = {

/* Begin PBXBuildFile section */
		7809DC2EE14D27AB25193C7A /* Pods_Memo_Realm.framework in Frameworks */ = {isa = PBXBuildFile; fileRef = 27BBEC9FFA836271D8CB6DC2 /* Pods_Memo_Realm.framework */; };
		BD0C5A3E25B93E5E00EC94C0 /* AppDelegate.swift in Sources */ = {isa = PBXBuildFile; fileRef = BD0C5A3D25B93E5E00EC94C0 /* AppDelegate.swift */; };
		BD0C5A4025B93E5E00EC94C0 /* SceneDelegate.swift in Sources */ = {isa = PBXBuildFile; fileRef = BD0C5A3F25B93E5E00EC94C0 /* SceneDelegate.swift */; };
		BD0C5A4225B93E5E00EC94C0 /* ViewController.swift in Sources */ = {isa = PBXBuildFile; fileRef = BD0C5A4125B93E5E00EC94C0 /* ViewController.swift */; };
		BD0C5A4525B93E5E00EC94C0 /* Main.storyboard in Resources */ = {isa = PBXBuildFile; fileRef = BD0C5A4325B93E5E00EC94C0 /* Main.storyboard */; };
		BD0C5A4725B93E6000EC94C0 /* Assets.xcassets in Resources */ = {isa = PBXBuildFile; fileRef = BD0C5A4625B93E6000EC94C0 /* Assets.xcassets */; };
		BD0C5A4A25B93E6000EC94C0 /* LaunchScreen.storyboard in Resources */ = {isa = PBXBuildFile; fileRef = BD0C5A4825B93E6000EC94C0 /* LaunchScreen.storyboard */; };
		BD0C5A5825B941E400EC94C0 /* WriteViewController.swift in Sources */ = {isa = PBXBuildFile; fileRef = BD0C5A5725B941E400EC94C0 /* WriteViewController.swift */; };
		BD0C5A6425B9423400EC94C0 /* MemoData.swift in Sources */ = {isa = PBXBuildFile; fileRef = BD0C5A6325B9423400EC94C0 /* MemoData.swift */; };
		BD0C5A7025B94BCF00EC94C0 /* MemoTableViewCell.swift in Sources */ = {isa = PBXBuildFile; fileRef = BD0C5A6E25B94BCF00EC94C0 /* MemoTableViewCell.swift */; };
		BD0C5A7125B94BCF00EC94C0 /* MemoTableViewCell.xib in Resources */ = {isa = PBXBuildFile; fileRef = BD0C5A6F25B94BCF00EC94C0 /* MemoTableViewCell.xib */; };
/* End PBXBuildFile section */

/* Begin PBXFileReference section */
		27BBEC9FFA836271D8CB6DC2 /* Pods_Memo_Realm.framework */ = {isa = PBXFileReference; explicitFileType = wrapper.framework; includeInIndex = 0; path = Pods_Memo_Realm.framework; sourceTree = BUILT_PRODUCTS_DIR; };
		8F84052E9ACCCA27AB1910D7 /* Pods-Memo+Realm.debug.xcconfig */ = {isa = PBXFileReference; includeInIndex = 1; lastKnownFileType = text.xcconfig; name = "Pods-Memo+Realm.debug.xcconfig"; path = "Target Support Files/Pods-Memo+Realm/Pods-Memo+Realm.debug.xcconfig"; sourceTree = "<group>"; };
		BD0C5A3A25B93E5E00EC94C0 /* Memo+Realm.app */ = {isa = PBXFileReference; explicitFileType = wrapper.application; includeInIndex = 0; path = "Memo+Realm.app"; sourceTree = BUILT_PRODUCTS_DIR; };
		BD0C5A3D25B93E5E00EC94C0 /* AppDelegate.swift */ = {isa = PBXFileReference; lastKnownFileType = sourcecode.swift; path = AppDelegate.swift; sourceTree = "<group>"; };
		BD0C5A3F25B93E5E00EC94C0 /* SceneDelegate.swift */ = {isa = PBXFileReference; lastKnownFileType = sourcecode.swift; path = SceneDelegate.swift; sourceTree = "<group>"; };
		BD0C5A4125B93E5E00EC94C0 /* ViewController.swift */ = {isa = PBXFileReference; lastKnownFileType = sourcecode.swift; path = ViewController.swift; sourceTree = "<group>"; };
		BD0C5A4425B93E5E00EC94C0 /* Base */ = {isa = PBXFileReference; lastKnownFileType = file.storyboard; name = Base; path = Base.lproj/Main.storyboard; sourceTree = "<group>"; };
		BD0C5A4625B93E6000EC94C0 /* Assets.xcassets */ = {isa = PBXFileReference; lastKnownFileType = folder.assetcatalog; path = Assets.xcassets; sourceTree = "<group>"; };
		BD0C5A4925B93E6000EC94C0 /* Base */ = {isa = PBXFileReference; lastKnownFileType = file.storyboard; name = Base; path = Base.lproj/LaunchScreen.storyboard; sourceTree = "<group>"; };
		BD0C5A4B25B93E6000EC94C0 /* Info.plist */ = {isa = PBXFileReference; lastKnownFileType = text.plist.xml; path = Info.plist; sourceTree = "<group>"; };
		BD0C5A5725B941E400EC94C0 /* WriteViewController.swift */ = {isa = PBXFileReference; lastKnownFileType = sourcecode.swift; path = WriteViewController.swift; sourceTree = "<group>"; };
		BD0C5A6325B9423400EC94C0 /* MemoData.swift */ = {isa = PBXFileReference; lastKnownFileType = sourcecode.swift; path = MemoData.swift; sourceTree = "<group>"; };
		BD0C5A6E25B94BCF00EC94C0 /* MemoTableViewCell.swift */ = {isa = PBXFileReference; lastKnownFileType = sourcecode.swift; path = MemoTableViewCell.swift; sourceTree = "<group>"; };
		BD0C5A6F25B94BCF00EC94C0 /* MemoTableViewCell.xib */ = {isa = PBXFileReference; lastKnownFileType = file.xib; path = MemoTableViewCell.xib; sourceTree = "<group>"; };
		BF0C7168AFDF1EBD3B2921BD /* Pods-Memo+Realm.release.xcconfig */ = {isa = PBXFileReference; includeInIndex = 1; lastKnownFileType = text.xcconfig; name = "Pods-Memo+Realm.release.xcconfig"; path = "Target Support Files/Pods-Memo+Realm/Pods-Memo+Realm.release.xcconfig"; sourceTree = "<group>"; };
/* End PBXFileReference section */

/* Begin PBXFrameworksBuildPhase section */
		BD0C5A3725B93E5E00EC94C0 /* Frameworks */ = {
			isa = PBXFrameworksBuildPhase;
			buildActionMask = 2147483647;
			files = (
				7809DC2EE14D27AB25193C7A /* Pods_Memo_Realm.framework in Frameworks */,
			);
			runOnlyForDeploymentPostprocessing = 0;
		};
/* End PBXFrameworksBuildPhase section */

/* Begin PBXGroup section */
		399FA2A2D5B1B2A3596FD780 /* Frameworks */ = {
			isa = PBXGroup;
			children = (
				27BBEC9FFA836271D8CB6DC2 /* Pods_Memo_Realm.framework */,
			);
			name = Frameworks;
			sourceTree = "<group>";
		};
		5B015BE770AFC4F268BAB419 /* Pods */ = {
			isa = PBXGroup;
			children = (
				8F84052E9ACCCA27AB1910D7 /* Pods-Memo+Realm.debug.xcconfig */,
				BF0C7168AFDF1EBD3B2921BD /* Pods-Memo+Realm.release.xcconfig */,
			);
			path = Pods;
			sourceTree = "<group>";
		};
		BD0C5A3125B93E5E00EC94C0 = {
			isa = PBXGroup;
			children = (
				BD0C5A3C25B93E5E00EC94C0 /* Memo+Realm */,
				BD0C5A3B25B93E5E00EC94C0 /* Products */,
				5B015BE770AFC4F268BAB419 /* Pods */,
				399FA2A2D5B1B2A3596FD780 /* Frameworks */,
			);
			sourceTree = "<group>";
		};
		BD0C5A3B25B93E5E00EC94C0 /* Products */ = {
			isa = PBXGroup;
			children = (
				BD0C5A3A25B93E5E00EC94C0 /* Memo+Realm.app */,
			);
			name = Products;
			sourceTree = "<group>";
		};
		BD0C5A3C25B93E5E00EC94C0 /* Memo+Realm */ = {
			isa = PBXGroup;
			children = (
				BD0C5A3D25B93E5E00EC94C0 /* AppDelegate.swift */,
				BD0C5A3F25B93E5E00EC94C0 /* SceneDelegate.swift */,
				BD0C5A4625B93E6000EC94C0 /* Assets.xcassets */,
				BD0C5A4B25B93E6000EC94C0 /* Info.plist */,
				BD0C5A4825B93E6000EC94C0 /* LaunchScreen.storyboard */,
				BD0C5A4325B93E5E00EC94C0 /* Main.storyboard */,
				BD0C5A6725B9423900EC94C0 /* Model */,
				BD0C5A5A25B941EC00EC94C0 /* VC */,
				BD0C5A6125B9421A00EC94C0 /* Cells */,
			);
			path = "Memo+Realm";
			sourceTree = "<group>";
		};
		BD0C5A5A25B941EC00EC94C0 /* VC */ = {
			isa = PBXGroup;
			children = (
				BD0C5A4125B93E5E00EC94C0 /* ViewController.swift */,
				BD0C5A5725B941E400EC94C0 /* WriteViewController.swift */,
			);
			path = VC;
			sourceTree = "<group>";
		};
		BD0C5A6125B9421A00EC94C0 /* Cells */ = {
			isa = PBXGroup;
			children = (
				BD0C5A6E25B94BCF00EC94C0 /* MemoTableViewCell.swift */,
				BD0C5A6F25B94BCF00EC94C0 /* MemoTableViewCell.xib */,
			);
			path = Cells;
			sourceTree = "<group>";
		};
		BD0C5A6725B9423900EC94C0 /* Model */ = {
			isa = PBXGroup;
			children = (
				BD0C5A6325B9423400EC94C0 /* MemoData.swift */,
			);
			path = Model;
			sourceTree = "<group>";
		};
/* End PBXGroup section */

/* Begin PBXNativeTarget section */
		BD0C5A3925B93E5E00EC94C0 /* Memo+Realm */ = {
			isa = PBXNativeTarget;
			buildConfigurationList = BD0C5A4E25B93E6000EC94C0 /* Build configuration list for PBXNativeTarget "Memo+Realm" */;
			buildPhases = (
				D21B7D479C37B92D4AF802C2 /* [CP] Check Pods Manifest.lock */,
				BD0C5A3625B93E5E00EC94C0 /* Sources */,
				BD0C5A3725B93E5E00EC94C0 /* Frameworks */,
				BD0C5A3825B93E5E00EC94C0 /* Resources */,
				D49C4EE835DF838B077D5F22 /* [CP] Embed Pods Frameworks */,
			);
			buildRules = (
			);
			dependencies = (
			);
			name = "Memo+Realm";
			productName = "Memo+Realm";
			productReference = BD0C5A3A25B93E5E00EC94C0 /* Memo+Realm.app */;
			productType = "com.apple.product-type.application";
		};
/* End PBXNativeTarget section */

/* Begin PBXProject section */
		BD0C5A3225B93E5E00EC94C0 /* Project object */ = {
			isa = PBXProject;
			attributes = {
				LastSwiftUpdateCheck = 1220;
				LastUpgradeCheck = 1220;
				TargetAttributes = {
					BD0C5A3925B93E5E00EC94C0 = {
						CreatedOnToolsVersion = 12.2;
					};
				};
			};
			buildConfigurationList = BD0C5A3525B93E5E00EC94C0 /* Build configuration list for PBXProject "Memo+Realm" */;
			compatibilityVersion = "Xcode 9.3";
			developmentRegion = en;
			hasScannedForEncodings = 0;
			knownRegions = (
				en,
				Base,
			);
			mainGroup = BD0C5A3125B93E5E00EC94C0;
			productRefGroup = BD0C5A3B25B93E5E00EC94C0 /* Products */;
			projectDirPath = "";
			projectRoot = "";
			targets = (
				BD0C5A3925B93E5E00EC94C0 /* Memo+Realm */,
			);
		};
/* End PBXProject section */

/* Begin PBXResourcesBuildPhase section */
		BD0C5A3825B93E5E00EC94C0 /* Resources */ = {
			isa = PBXResourcesBuildPhase;
			buildActionMask = 2147483647;
			files = (
				BD0C5A4A25B93E6000EC94C0 /* LaunchScreen.storyboard in Resources */,
				BD0C5A4725B93E6000EC94C0 /* Assets.xcassets in Resources */,
				BD0C5A4525B93E5E00EC94C0 /* Main.storyboard in Resources */,
				BD0C5A7125B94BCF00EC94C0 /* MemoTableViewCell.xib in Resources */,
			);
			runOnlyForDeploymentPostprocessing = 0;
		};
/* End PBXResourcesBuildPhase section */

/* Begin PBXShellScriptBuildPhase section */
		D21B7D479C37B92D4AF802C2 /* [CP] Check Pods Manifest.lock */ = {
			isa = PBXShellScriptBuildPhase;
			buildActionMask = 2147483647;
			files = (
			);
			inputFileListPaths = (
			);
			inputPaths = (
				"${PODS_PODFILE_DIR_PATH}/Podfile.lock",
				"${PODS_ROOT}/Manifest.lock",
			);
			name = "[CP] Check Pods Manifest.lock";
			outputFileListPaths = (
			);
			outputPaths = (
				"$(DERIVED_FILE_DIR)/Pods-Memo+Realm-checkManifestLockResult.txt",
			);
			runOnlyForDeploymentPostprocessing = 0;
			shellPath = /bin/sh;
			shellScript = "diff \"${PODS_PODFILE_DIR_PATH}/Podfile.lock\" \"${PODS_ROOT}/Manifest.lock\" > /dev/null\nif [ $? != 0 ] ; then\n    # print error to STDERR\n    echo \"error: The sandbox is not in sync with the Podfile.lock. Run 'pod install' or update your CocoaPods installation.\" >&2\n    exit 1\nfi\n# This output is used by Xcode 'outputs' to avoid re-running this script phase.\necho \"SUCCESS\" > \"${SCRIPT_OUTPUT_FILE_0}\"\n";
			showEnvVarsInLog = 0;
		};
		D49C4EE835DF838B077D5F22 /* [CP] Embed Pods Frameworks */ = {
			isa = PBXShellScriptBuildPhase;
			buildActionMask = 2147483647;
			files = (
			);
			inputFileListPaths = (
				"${PODS_ROOT}/Target Support Files/Pods-Memo+Realm/Pods-Memo+Realm-frameworks-${CONFIGURATION}-input-files.xcfilelist",
			);
			name = "[CP] Embed Pods Frameworks";
			outputFileListPaths = (
				"${PODS_ROOT}/Target Support Files/Pods-Memo+Realm/Pods-Memo+Realm-frameworks-${CONFIGURATION}-output-files.xcfilelist",
			);
			runOnlyForDeploymentPostprocessing = 0;
			shellPath = /bin/sh;
			shellScript = "\"${PODS_ROOT}/Target Support Files/Pods-Memo+Realm/Pods-Memo+Realm-frameworks.sh\"\n";
			showEnvVarsInLog = 0;
		};
/* End PBXShellScriptBuildPhase section */

/* Begin PBXSourcesBuildPhase section */
		BD0C5A3625B93E5E00EC94C0 /* Sources */ = {
			isa = PBXSourcesBuildPhase;
			buildActionMask = 2147483647;
			files = (
				BD0C5A4225B93E5E00EC94C0 /* ViewController.swift in Sources */,
				BD0C5A7025B94BCF00EC94C0 /* MemoTableViewCell.swift in Sources */,
				BD0C5A3E25B93E5E00EC94C0 /* AppDelegate.swift in Sources */,
				BD0C5A6425B9423400EC94C0 /* MemoData.swift in Sources */,
				BD0C5A5825B941E400EC94C0 /* WriteViewController.swift in Sources */,
				BD0C5A4025B93E5E00EC94C0 /* SceneDelegate.swift in Sources */,
			);
			runOnlyForDeploymentPostprocessing = 0;
		};
/* End PBXSourcesBuildPhase section */

/* Begin PBXVariantGroup section */
		BD0C5A4325B93E5E00EC94C0 /* Main.storyboard */ = {
			isa = PBXVariantGroup;
			children = (
				BD0C5A4425B93E5E00EC94C0 /* Base */,
			);
			name = Main.storyboard;
			sourceTree = "<group>";
		};
		BD0C5A4825B93E6000EC94C0 /* LaunchScreen.storyboard */ = {
			isa = PBXVariantGroup;
			children = (
				BD0C5A4925B93E6000EC94C0 /* Base */,
			);
			name = LaunchScreen.storyboard;
			sourceTree = "<group>";
		};
/* End PBXVariantGroup section */

/* Begin XCBuildConfiguration section */
		BD0C5A4C25B93E6000EC94C0 /* Debug */ = {
			isa = XCBuildConfiguration;
			buildSettings = {
				ALWAYS_SEARCH_USER_PATHS = NO;
				CLANG_ANALYZER_NONNULL = YES;
				CLANG_ANALYZER_NUMBER_OBJECT_CONVERSION = YES_AGGRESSIVE;
				CLANG_CXX_LANGUAGE_STANDARD = "gnu++14";
				CLANG_CXX_LIBRARY = "libc++";
				CLANG_ENABLE_MODULES = YES;
				CLANG_ENABLE_OBJC_ARC = YES;
				CLANG_ENABLE_OBJC_WEAK = YES;
				CLANG_WARN_BLOCK_CAPTURE_AUTORELEASING = YES;
				CLANG_WARN_BOOL_CONVERSION = YES;
				CLANG_WARN_COMMA = YES;
				CLANG_WARN_CONSTANT_CONVERSION = YES;
				CLANG_WARN_DEPRECATED_OBJC_IMPLEMENTATIONS = YES;
				CLANG_WARN_DIRECT_OBJC_ISA_USAGE = YES_ERROR;
				CLANG_WARN_DOCUMENTATION_COMMENTS = YES;
				CLANG_WARN_EMPTY_BODY = YES;
				CLANG_WARN_ENUM_CONVERSION = YES;
				CLANG_WARN_INFINITE_RECURSION = YES;
				CLANG_WARN_INT_CONVERSION = YES;
				CLANG_WARN_NON_LITERAL_NULL_CONVERSION = YES;
				CLANG_WARN_OBJC_IMPLICIT_RETAIN_SELF = YES;
				CLANG_WARN_OBJC_LITERAL_CONVERSION = YES;
				CLANG_WARN_OBJC_ROOT_CLASS = YES_ERROR;
				CLANG_WARN_QUOTED_INCLUDE_IN_FRAMEWORK_HEADER = YES;
				CLANG_WARN_RANGE_LOOP_ANALYSIS = YES;
				CLANG_WARN_STRICT_PROTOTYPES = YES;
				CLANG_WARN_SUSPICIOUS_MOVE = YES;
				CLANG_WARN_UNGUARDED_AVAILABILITY = YES_AGGRESSIVE;
				CLANG_WARN_UNREACHABLE_CODE = YES;
				CLANG_WARN__DUPLICATE_METHOD_MATCH = YES;
				COPY_PHASE_STRIP = NO;
				DEBUG_INFORMATION_FORMAT = dwarf;
				ENABLE_STRICT_OBJC_MSGSEND = YES;
				ENABLE_TESTABILITY = YES;
				GCC_C_LANGUAGE_STANDARD = gnu11;
				GCC_DYNAMIC_NO_PIC = NO;
				GCC_NO_COMMON_BLOCKS = YES;
				GCC_OPTIMIZATION_LEVEL = 0;
				GCC_PREPROCESSOR_DEFINITIONS = (
					"DEBUG=1",
					"$(inherited)",
				);
				GCC_WARN_64_TO_32_BIT_CONVERSION = YES;
				GCC_WARN_ABOUT_RETURN_TYPE = YES_ERROR;
				GCC_WARN_UNDECLARED_SELECTOR = YES;
				GCC_WARN_UNINITIALIZED_AUTOS = YES_AGGRESSIVE;
				GCC_WARN_UNUSED_FUNCTION = YES;
				GCC_WARN_UNUSED_VARIABLE = YES;
				IPHONEOS_DEPLOYMENT_TARGET = 14.2;
				MTL_ENABLE_DEBUG_INFO = INCLUDE_SOURCE;
				MTL_FAST_MATH = YES;
				ONLY_ACTIVE_ARCH = YES;
				SDKROOT = iphoneos;
				SWIFT_ACTIVE_COMPILATION_CONDITIONS = DEBUG;
				SWIFT_OPTIMIZATION_LEVEL = "-Onone";
			};
			name = Debug;
		};
		BD0C5A4D25B93E6000EC94C0 /* Release */ = {
			isa = XCBuildConfiguration;
			buildSettings = {
				ALWAYS_SEARCH_USER_PATHS = NO;
				CLANG_ANALYZER_NONNULL = YES;
				CLANG_ANALYZER_NUMBER_OBJECT_CONVERSION = YES_AGGRESSIVE;
				CLANG_CXX_LANGUAGE_STANDARD = "gnu++14";
				CLANG_CXX_LIBRARY = "libc++";
				CLANG_ENABLE_MODULES = YES;
				CLANG_ENABLE_OBJC_ARC = YES;
				CLANG_ENABLE_OBJC_WEAK = YES;
				CLANG_WARN_BLOCK_CAPTURE_AUTORELEASING = YES;
				CLANG_WARN_BOOL_CONVERSION = YES;
				CLANG_WARN_COMMA = YES;
				CLANG_WARN_CONSTANT_CONVERSION = YES;
				CLANG_WARN_DEPRECATED_OBJC_IMPLEMENTATIONS = YES;
				CLANG_WARN_DIRECT_OBJC_ISA_USAGE = YES_ERROR;
				CLANG_WARN_DOCUMENTATION_COMMENTS = YES;
				CLANG_WARN_EMPTY_BODY = YES;
				CLANG_WARN_ENUM_CONVERSION = YES;
				CLANG_WARN_INFINITE_RECURSION = YES;
				CLANG_WARN_INT_CONVERSION = YES;
				CLANG_WARN_NON_LITERAL_NULL_CONVERSION = YES;
				CLANG_WARN_OBJC_IMPLICIT_RETAIN_SELF = YES;
				CLANG_WARN_OBJC_LITERAL_CONVERSION = YES;
				CLANG_WARN_OBJC_ROOT_CLASS = YES_ERROR;
				CLANG_WARN_QUOTED_INCLUDE_IN_FRAMEWORK_HEADER = YES;
				CLANG_WARN_RANGE_LOOP_ANALYSIS = YES;
				CLANG_WARN_STRICT_PROTOTYPES = YES;
				CLANG_WARN_SUSPICIOUS_MOVE = YES;
				CLANG_WARN_UNGUARDED_AVAILABILITY = YES_AGGRESSIVE;
				CLANG_WARN_UNREACHABLE_CODE = YES;
				CLANG_WARN__DUPLICATE_METHOD_MATCH = YES;
				COPY_PHASE_STRIP = NO;
				DEBUG_INFORMATION_FORMAT = "dwarf-with-dsym";
				ENABLE_NS_ASSERTIONS = NO;
				ENABLE_STRICT_OBJC_MSGSEND = YES;
				GCC_C_LANGUAGE_STANDARD = gnu11;
				GCC_NO_COMMON_BLOCKS = YES;
				GCC_WARN_64_TO_32_BIT_CONVERSION = YES;
				GCC_WARN_ABOUT_RETURN_TYPE = YES_ERROR;
				GCC_WARN_UNDECLARED_SELECTOR = YES;
				GCC_WARN_UNINITIALIZED_AUTOS = YES_AGGRESSIVE;
				GCC_WARN_UNUSED_FUNCTION = YES;
				GCC_WARN_UNUSED_VARIABLE = YES;
				IPHONEOS_DEPLOYMENT_TARGET = 14.2;
				MTL_ENABLE_DEBUG_INFO = NO;
				MTL_FAST_MATH = YES;
				SDKROOT = iphoneos;
				SWIFT_COMPILATION_MODE = wholemodule;
				SWIFT_OPTIMIZATION_LEVEL = "-O";
				VALIDATE_PRODUCT = YES;
			};
			name = Release;
		};
		BD0C5A4F25B93E6000EC94C0 /* Debug */ = {
			isa = XCBuildConfiguration;
			baseConfigurationReference = 8F84052E9ACCCA27AB1910D7 /* Pods-Memo+Realm.debug.xcconfig */;
			buildSettings = {
				ASSETCATALOG_COMPILER_APPICON_NAME = AppIcon;
				ASSETCATALOG_COMPILER_GLOBAL_ACCENT_COLOR_NAME = AccentColor;
				CODE_SIGN_STYLE = Automatic;
				DEVELOPMENT_TEAM = W895YM7ZMH;
				INFOPLIST_FILE = "Memo+Realm/Info.plist";
				IPHONEOS_DEPLOYMENT_TARGET = 13.0;
				LD_RUNPATH_SEARCH_PATHS = (
					"$(inherited)",
					"@executable_path/Frameworks",
				);
				PRODUCT_BUNDLE_IDENTIFIER = "dev.taekki.ios.Memo-Realm";
				PRODUCT_NAME = "$(TARGET_NAME)";
				SWIFT_VERSION = 5.0;
				TARGETED_DEVICE_FAMILY = "1,2";
			};
			name = Debug;
		};
		BD0C5A5025B93E6000EC94C0 /* Release */ = {
			isa = XCBuildConfiguration;
			baseConfigurationReference = BF0C7168AFDF1EBD3B2921BD /* Pods-Memo+Realm.release.xcconfig */;
			buildSettings = {
				ASSETCATALOG_COMPILER_APPICON_NAME = AppIcon;
				ASSETCATALOG_COMPILER_GLOBAL_ACCENT_COLOR_NAME = AccentColor;
				CODE_SIGN_STYLE = Automatic;
				DEVELOPMENT_TEAM = W895YM7ZMH;
				INFOPLIST_FILE = "Memo+Realm/Info.plist";
				IPHONEOS_DEPLOYMENT_TARGET = 13.0;
				LD_RUNPATH_SEARCH_PATHS = (
					"$(inherited)",
					"@executable_path/Frameworks",
				);
				PRODUCT_BUNDLE_IDENTIFIER = "dev.taekki.ios.Memo-Realm";
				PRODUCT_NAME = "$(TARGET_NAME)";
				SWIFT_VERSION = 5.0;
				TARGETED_DEVICE_FAMILY = "1,2";
			};
			name = Release;
		};
/* End XCBuildConfiguration section */

/* Begin XCConfigurationList section */
		BD0C5A3525B93E5E00EC94C0 /* Build configuration list for PBXProject "Memo+Realm" */ = {
			isa = XCConfigurationList;
			buildConfigurations = (
				BD0C5A4C25B93E6000EC94C0 /* Debug */,
				BD0C5A4D25B93E6000EC94C0 /* Release */,
			);
			defaultConfigurationIsVisible = 0;
			defaultConfigurationName = Release;
		};
		BD0C5A4E25B93E6000EC94C0 /* Build configuration list for PBXNativeTarget "Memo+Realm" */ = {
			isa = XCConfigurationList;
			buildConfigurations = (
				BD0C5A4F25B93E6000EC94C0 /* Debug */,
				BD0C5A5025B93E6000EC94C0 /* Release */,
			);
			defaultConfigurationIsVisible = 0;
			defaultConfigurationName = Release;
		};
/* End XCConfigurationList section */
	};
	rootObject = BD0C5A3225B93E5E00EC94C0 /* Project object */;
}
