// !$*UTF8*$!
{
	archiveVersion = 1;
	classes = {
	};
	objectVersion = 50;
	objects = {

/* Begin PBXBuildFile section */
		BDEED7D425B1E338009C3C0D /* AppDelegate.swift in Sources */ = {isa = PBXBuildFile; fileRef = BDEED7D325B1E338009C3C0D /* AppDelegate.swift */; };
		BDEED7D625B1E338009C3C0D /* SceneDelegate.swift in Sources */ = {isa = PBXBuildFile; fileRef = BDEED7D525B1E338009C3C0D /* SceneDelegate.swift */; };
		BDEED7D825B1E338009C3C0D /* ViewController.swift in Sources */ = {isa = PBXBuildFile; fileRef = BDEED7D725B1E338009C3C0D /* ViewController.swift */; };
		BDEED7DB25B1E338009C3C0D /* Main.storyboard in Resources */ = {isa = PBXBuildFile; fileRef = BDEED7D925B1E338009C3C0D /* Main.storyboard */; };
		BDEED7DD25B1E339009C3C0D /* Assets.xcassets in Resources */ = {isa = PBXBuildFile; fileRef = BDEED7DC25B1E339009C3C0D /* Assets.xcassets */; };
		BDEED7E025B1E339009C3C0D /* LaunchScreen.storyboard in Resources */ = {isa = PBXBuildFile; fileRef = BDEED7DE25B1E339009C3C0D /* LaunchScreen.storyboard */; };
		BDEED7F425B1E9A4009C3C0D /* NewTableViewCell.swift in Sources */ = {isa = PBXBuildFile; fileRef = BDEED7F225B1E9A4009C3C0D /* NewTableViewCell.swift */; };
		BDEED7F525B1E9A4009C3C0D /* NewTableViewCell.xib in Resources */ = {isa = PBXBuildFile; fileRef = BDEED7F325B1E9A4009C3C0D /* NewTableViewCell.xib */; };
/* End PBXBuildFile section */

/* Begin PBXFileReference section */
		BDEED7D025B1E338009C3C0D /* CustomTableView.app */ = {isa = PBXFileReference; explicitFileType = wrapper.application; includeInIndex = 0; path = CustomTableView.app; sourceTree = BUILT_PRODUCTS_DIR; };
		BDEED7D325B1E338009C3C0D /* AppDelegate.swift */ = {isa = PBXFileReference; lastKnownFileType = sourcecode.swift; path = AppDelegate.swift; sourceTree = "<group>"; };
		BDEED7D525B1E338009C3C0D /* SceneDelegate.swift */ = {isa = PBXFileReference; lastKnownFileType = sourcecode.swift; path = SceneDelegate.swift; sourceTree = "<group>"; };
		BDEED7D725B1E338009C3C0D /* ViewController.swift */ = {isa = PBXFileReference; lastKnownFileType = sourcecode.swift; path = ViewController.swift; sourceTree = "<group>"; };
		BDEED7DA25B1E338009C3C0D /* Base */ = {isa = PBXFileReference; lastKnownFileType = file.storyboard; name = Base; path = Base.lproj/Main.storyboard; sourceTree = "<group>"; };
		BDEED7DC25B1E339009C3C0D /* Assets.xcassets */ = {isa = PBXFileReference; lastKnownFileType = folder.assetcatalog; path = Assets.xcassets; sourceTree = "<group>"; };
		BDEED7DF25B1E339009C3C0D /* Base */ = {isa = PBXFileReference; lastKnownFileType = file.storyboard; name = Base; path = Base.lproj/LaunchScreen.storyboard; sourceTree = "<group>"; };
		BDEED7E125B1E339009C3C0D /* Info.plist */ = {isa = PBXFileReference; lastKnownFileType = text.plist.xml; path = Info.plist; sourceTree = "<group>"; };
		BDEED7F225B1E9A4009C3C0D /* NewTableViewCell.swift */ = {isa = PBXFileReference; lastKnownFileType = sourcecode.swift; path = NewTableViewCell.swift; sourceTree = "<group>"; };
		BDEED7F325B1E9A4009C3C0D /* NewTableViewCell.xib */ = {isa = PBXFileReference; lastKnownFileType = file.xib; path = NewTableViewCell.xib; sourceTree = "<group>"; };
/* End PBXFileReference section */

/* Begin PBXFrameworksBuildPhase section */
		BDEED7CD25B1E338009C3C0D /* Frameworks */ = {
			isa = PBXFrameworksBuildPhase;
			buildActionMask = 2147483647;
			files = (
			);
			runOnlyForDeploymentPostprocessing = 0;
		};
/* End PBXFrameworksBuildPhase section */

/* Begin PBXGroup section */
		BDEED7C725B1E338009C3C0D = {
			isa = PBXGroup;
			children = (
				BDEED7D225B1E338009C3C0D /* CustomTableView */,
				BDEED7D125B1E338009C3C0D /* Products */,
			);
			sourceTree = "<group>";
		};
		BDEED7D125B1E338009C3C0D /* Products */ = {
			isa = PBXGroup;
			children = (
				BDEED7D025B1E338009C3C0D /* CustomTableView.app */,
			);
			name = Products;
			sourceTree = "<group>";
		};
		BDEED7D225B1E338009C3C0D /* CustomTableView */ = {
			isa = PBXGroup;
			children = (
				BDEED7D325B1E338009C3C0D /* AppDelegate.swift */,
				BDEED7D525B1E338009C3C0D /* SceneDelegate.swift */,
				BDEED7D725B1E338009C3C0D /* ViewController.swift */,
				BDEED7D925B1E338009C3C0D /* Main.storyboard */,
				BDEED7DC25B1E339009C3C0D /* Assets.xcassets */,
				BDEED7DE25B1E339009C3C0D /* LaunchScreen.storyboard */,
				BDEED7E125B1E339009C3C0D /* Info.plist */,
				BDEED7EE25B1E482009C3C0D /* Cell */,
			);
			path = CustomTableView;
			sourceTree = "<group>";
		};
		BDEED7EE25B1E482009C3C0D /* Cell */ = {
			isa = PBXGroup;
			children = (
				BDEED7F225B1E9A4009C3C0D /* NewTableViewCell.swift */,
				BDEED7F325B1E9A4009C3C0D /* NewTableViewCell.xib */,
			);
			path = Cell;
			sourceTree = "<group>";
		};
/* End PBXGroup section */

/* Begin PBXNativeTarget section */
		BDEED7CF25B1E338009C3C0D /* CustomTableView */ = {
			isa = PBXNativeTarget;
			buildConfigurationList = BDEED7E425B1E339009C3C0D /* Build configuration list for PBXNativeTarget "CustomTableView" */;
			buildPhases = (
				BDEED7CC25B1E338009C3C0D /* Sources */,
				BDEED7CD25B1E338009C3C0D /* Frameworks */,
				BDEED7CE25B1E338009C3C0D /* Resources */,
			);
			buildRules = (
			);
			dependencies = (
			);
			name = CustomTableView;
			productName = CustomTableView;
			productReference = BDEED7D025B1E338009C3C0D /* CustomTableView.app */;
			productType = "com.apple.product-type.application";
		};
/* End PBXNativeTarget section */

/* Begin PBXProject section */
		BDEED7C825B1E338009C3C0D /* Project object */ = {
			isa = PBXProject;
			attributes = {
				LastSwiftUpdateCheck = 1220;
				LastUpgradeCheck = 1220;
				TargetAttributes = {
					BDEED7CF25B1E338009C3C0D = {
						CreatedOnToolsVersion = 12.2;
					};
				};
			};
			buildConfigurationList = BDEED7CB25B1E338009C3C0D /* Build configuration list for PBXProject "CustomTableView" */;
			compatibilityVersion = "Xcode 9.3";
			developmentRegion = en;
			hasScannedForEncodings = 0;
			knownRegions = (
				en,
				Base,
			);
			mainGroup = BDEED7C725B1E338009C3C0D;
			productRefGroup = BDEED7D125B1E338009C3C0D /* Products */;
			projectDirPath = "";
			projectRoot = "";
			targets = (
				BDEED7CF25B1E338009C3C0D /* CustomTableView */,
			);
		};
/* End PBXProject section */

/* Begin PBXResourcesBuildPhase section */
		BDEED7CE25B1E338009C3C0D /* Resources */ = {
			isa = PBXResourcesBuildPhase;
			buildActionMask = 2147483647;
			files = (
				BDEED7E025B1E339009C3C0D /* LaunchScreen.storyboard in Resources */,
				BDEED7DD25B1E339009C3C0D /* Assets.xcassets in Resources */,
				BDEED7F525B1E9A4009C3C0D /* NewTableViewCell.xib in Resources */,
				BDEED7DB25B1E338009C3C0D /* Main.storyboard in Resources */,
			);
			runOnlyForDeploymentPostprocessing = 0;
		};
/* End PBXResourcesBuildPhase section */

/* Begin PBXSourcesBuildPhase section */
		BDEED7CC25B1E338009C3C0D /* Sources */ = {
			isa = PBXSourcesBuildPhase;
			buildActionMask = 2147483647;
			files = (
				BDEED7D825B1E338009C3C0D /* ViewController.swift in Sources */,
				BDEED7D425B1E338009C3C0D /* AppDelegate.swift in Sources */,
				BDEED7F425B1E9A4009C3C0D /* NewTableViewCell.swift in Sources */,
				BDEED7D625B1E338009C3C0D /* SceneDelegate.swift in Sources */,
			);
			runOnlyForDeploymentPostprocessing = 0;
		};
/* End PBXSourcesBuildPhase section */

/* Begin PBXVariantGroup section */
		BDEED7D925B1E338009C3C0D /* Main.storyboard */ = {
			isa = PBXVariantGroup;
			children = (
				BDEED7DA25B1E338009C3C0D /* Base */,
			);
			name = Main.storyboard;
			sourceTree = "<group>";
		};
		BDEED7DE25B1E339009C3C0D /* LaunchScreen.storyboard */ = {
			isa = PBXVariantGroup;
			children = (
				BDEED7DF25B1E339009C3C0D /* Base */,
			);
			name = LaunchScreen.storyboard;
			sourceTree = "<group>";
		};
/* End PBXVariantGroup section */

/* Begin XCBuildConfiguration section */
		BDEED7E225B1E339009C3C0D /* Debug */ = {
			isa = XCBuildConfiguration;
			buildSettings = {
				ALWAYS_SEARCH_USER_PATHS = NO;
				CLANG_ANALYZER_NONNULL = YES;
				CLANG_ANALYZER_NUMBER_OBJECT_CONVERSION = YES_AGGRESSIVE;
				CLANG_CXX_LANGUAGE_STANDARD = "gnu++14";
				CLANG_CXX_LIBRARY = "libc++";
				CLANG_ENABLE_MODULES = YES;
				CLANG_ENABLE_OBJC_ARC = YES;
				CLANG_ENABLE_OBJC_WEAK = YES;
				CLANG_WARN_BLOCK_CAPTURE_AUTORELEASING = YES;
				CLANG_WARN_BOOL_CONVERSION = YES;
				CLANG_WARN_COMMA = YES;
				CLANG_WARN_CONSTANT_CONVERSION = YES;
				CLANG_WARN_DEPRECATED_OBJC_IMPLEMENTATIONS = YES;
				CLANG_WARN_DIRECT_OBJC_ISA_USAGE = YES_ERROR;
				CLANG_WARN_DOCUMENTATION_COMMENTS = YES;
				CLANG_WARN_EMPTY_BODY = YES;
				CLANG_WARN_ENUM_CONVERSION = YES;
				CLANG_WARN_INFINITE_RECURSION = YES;
				CLANG_WARN_INT_CONVERSION = YES;
				CLANG_WARN_NON_LITERAL_NULL_CONVERSION = YES;
				CLANG_WARN_OBJC_IMPLICIT_RETAIN_SELF = YES;
				CLANG_WARN_OBJC_LITERAL_CONVERSION = YES;
				CLANG_WARN_OBJC_ROOT_CLASS = YES_ERROR;
				CLANG_WARN_QUOTED_INCLUDE_IN_FRAMEWORK_HEADER = YES;
				CLANG_WARN_RANGE_LOOP_ANALYSIS = YES;
				CLANG_WARN_STRICT_PROTOTYPES = YES;
				CLANG_WARN_SUSPICIOUS_MOVE = YES;
				CLANG_WARN_UNGUARDED_AVAILABILITY = YES_AGGRESSIVE;
				CLANG_WARN_UNREACHABLE_CODE = YES;
				CLANG_WARN__DUPLICATE_METHOD_MATCH = YES;
				COPY_PHASE_STRIP = NO;
				DEBUG_INFORMATION_FORMAT = dwarf;
				ENABLE_STRICT_OBJC_MSGSEND = YES;
				ENABLE_TESTABILITY = YES;
				GCC_C_LANGUAGE_STANDARD = gnu11;
				GCC_DYNAMIC_NO_PIC = NO;
				GCC_NO_COMMON_BLOCKS = YES;
				GCC_OPTIMIZATION_LEVEL = 0;
				GCC_PREPROCESSOR_DEFINITIONS = (
					"DEBUG=1",
					"$(inherited)",
				);
				GCC_WARN_64_TO_32_BIT_CONVERSION = YES;
				GCC_WARN_ABOUT_RETURN_TYPE = YES_ERROR;
				GCC_WARN_UNDECLARED_SELECTOR = YES;
				GCC_WARN_UNINITIALIZED_AUTOS = YES_AGGRESSIVE;
				GCC_WARN_UNUSED_FUNCTION = YES;
				GCC_WARN_UNUSED_VARIABLE = YES;
				IPHONEOS_DEPLOYMENT_TARGET = 14.2;
				MTL_ENABLE_DEBUG_INFO = INCLUDE_SOURCE;
				MTL_FAST_MATH = YES;
				ONLY_ACTIVE_ARCH = YES;
				SDKROOT = iphoneos;
				SWIFT_ACTIVE_COMPILATION_CONDITIONS = DEBUG;
				SWIFT_OPTIMIZATION_LEVEL = "-Onone";
			};
			name = Debug;
		};
		BDEED7E325B1E339009C3C0D /* Release */ = {
			isa = XCBuildConfiguration;
			buildSettings = {
				ALWAYS_SEARCH_USER_PATHS = NO;
				CLANG_ANALYZER_NONNULL = YES;
				CLANG_ANALYZER_NUMBER_OBJECT_CONVERSION = YES_AGGRESSIVE;
				CLANG_CXX_LANGUAGE_STANDARD = "gnu++14";
				CLANG_CXX_LIBRARY = "libc++";
				CLANG_ENABLE_MODULES = YES;
				CLANG_ENABLE_OBJC_ARC = YES;
				CLANG_ENABLE_OBJC_WEAK = YES;
				CLANG_WARN_BLOCK_CAPTURE_AUTORELEASING = YES;
				CLANG_WARN_BOOL_CONVERSION = YES;
				CLANG_WARN_COMMA = YES;
				CLANG_WARN_CONSTANT_CONVERSION = YES;
				CLANG_WARN_DEPRECATED_OBJC_IMPLEMENTATIONS = YES;
				CLANG_WARN_DIRECT_OBJC_ISA_USAGE = YES_ERROR;
				CLANG_WARN_DOCUMENTATION_COMMENTS = YES;
				CLANG_WARN_EMPTY_BODY = YES;
				CLANG_WARN_ENUM_CONVERSION = YES;
				CLANG_WARN_INFINITE_RECURSION = YES;
				CLANG_WARN_INT_CONVERSION = YES;
				CLANG_WARN_NON_LITERAL_NULL_CONVERSION = YES;
				CLANG_WARN_OBJC_IMPLICIT_RETAIN_SELF = YES;
				CLANG_WARN_OBJC_LITERAL_CONVERSION = YES;
				CLANG_WARN_OBJC_ROOT_CLASS = YES_ERROR;
				CLANG_WARN_QUOTED_INCLUDE_IN_FRAMEWORK_HEADER = YES;
				CLANG_WARN_RANGE_LOOP_ANALYSIS = YES;
				CLANG_WARN_STRICT_PROTOTYPES = YES;
				CLANG_WARN_SUSPICIOUS_MOVE = YES;
				CLANG_WARN_UNGUARDED_AVAILABILITY = YES_AGGRESSIVE;
				CLANG_WARN_UNREACHABLE_CODE = YES;
				CLANG_WARN__DUPLICATE_METHOD_MATCH = YES;
				COPY_PHASE_STRIP = NO;
				DEBUG_INFORMATION_FORMAT = "dwarf-with-dsym";
				ENABLE_NS_ASSERTIONS = NO;
				ENABLE_STRICT_OBJC_MSGSEND = YES;
				GCC_C_LANGUAGE_STANDARD = gnu11;
				GCC_NO_COMMON_BLOCKS = YES;
				GCC_WARN_64_TO_32_BIT_CONVERSION = YES;
				GCC_WARN_ABOUT_RETURN_TYPE = YES_ERROR;
				GCC_WARN_UNDECLARED_SELECTOR = YES;
				GCC_WARN_UNINITIALIZED_AUTOS = YES_AGGRESSIVE;
				GCC_WARN_UNUSED_FUNCTION = YES;
				GCC_WARN_UNUSED_VARIABLE = YES;
				IPHONEOS_DEPLOYMENT_TARGET = 14.2;
				MTL_ENABLE_DEBUG_INFO = NO;
				MTL_FAST_MATH = YES;
				SDKROOT = iphoneos;
				SWIFT_COMPILATION_MODE = wholemodule;
				SWIFT_OPTIMIZATION_LEVEL = "-O";
				VALIDATE_PRODUCT = YES;
			};
			name = Release;
		};
		BDEED7E525B1E339009C3C0D /* Debug */ = {
			isa = XCBuildConfiguration;
			buildSettings = {
				ASSETCATALOG_COMPILER_APPICON_NAME = AppIcon;
				ASSETCATALOG_COMPILER_GLOBAL_ACCENT_COLOR_NAME = AccentColor;
				CODE_SIGN_STYLE = Automatic;
				DEVELOPMENT_TEAM = W895YM7ZMH;
				INFOPLIST_FILE = CustomTableView/Info.plist;
				IPHONEOS_DEPLOYMENT_TARGET = 13.0;
				LD_RUNPATH_SEARCH_PATHS = (
					"$(inherited)",
					"@executable_path/Frameworks",
				);
				PRODUCT_BUNDLE_IDENTIFIER = dev.taekki.ios.CustomTableView;
				PRODUCT_NAME = "$(TARGET_NAME)";
				SWIFT_VERSION = 5.0;
				TARGETED_DEVICE_FAMILY = "1,2";
			};
			name = Debug;
		};
		BDEED7E625B1E339009C3C0D /* Release */ = {
			isa = XCBuildConfiguration;
			buildSettings = {
				ASSETCATALOG_COMPILER_APPICON_NAME = AppIcon;
				ASSETCATALOG_COMPILER_GLOBAL_ACCENT_COLOR_NAME = AccentColor;
				CODE_SIGN_STYLE = Automatic;
				DEVELOPMENT_TEAM = W895YM7ZMH;
				INFOPLIST_FILE = CustomTableView/Info.plist;
				IPHONEOS_DEPLOYMENT_TARGET = 13.0;
				LD_RUNPATH_SEARCH_PATHS = (
					"$(inherited)",
					"@executable_path/Frameworks",
				);
				PRODUCT_BUNDLE_IDENTIFIER = dev.taekki.ios.CustomTableView;
				PRODUCT_NAME = "$(TARGET_NAME)";
				SWIFT_VERSION = 5.0;
				TARGETED_DEVICE_FAMILY = "1,2";
			};
			name = Release;
		};
/* End XCBuildConfiguration section */

/* Begin XCConfigurationList section */
		BDEED7CB25B1E338009C3C0D /* Build configuration list for PBXProject "CustomTableView" */ = {
			isa = XCConfigurationList;
			buildConfigurations = (
				BDEED7E225B1E339009C3C0D /* Debug */,
				BDEED7E325B1E339009C3C0D /* Release */,
			);
			defaultConfigurationIsVisible = 0;
			defaultConfigurationName = Release;
		};
		BDEED7E425B1E339009C3C0D /* Build configuration list for PBXNativeTarget "CustomTableView" */ = {
			isa = XCConfigurationList;
			buildConfigurations = (
				BDEED7E525B1E339009C3C0D /* Debug */,
				BDEED7E625B1E339009C3C0D /* Release */,
			);
			defaultConfigurationIsVisible = 0;
			defaultConfigurationName = Release;
		};
/* End XCConfigurationList section */
	};
	rootObject = BDEED7C825B1E338009C3C0D /* Project object */;
}
